
Microsoft Visual Studio Solution File, Format Version 12.00
# Visual Studio Version 17
VisualStudioVersion = 17.11.35327.3
MinimumVisualStudioVersion = 10.0.40219.1
Project("{FAE04EC0-301F-11D3-BF4B-00C04F79EFBC}") = "ConsoleApp9", "ConsoleApp9.csproj", "{1512B819-A008-42C4-8752-3CEC0934C0A4}"
EndProject
Global
	GlobalSection(SolutionConfigurationPlatforms) = preSolution
		Debug|Any CPU = Debug|Any CPU
		Release|Any CPU = Release|Any CPU
	EndGlobalSection
	GlobalSection(ProjectConfigurationPlatforms) = postSolution
		{1512B819-A008-42C4-8752-3CEC0934C0A4}.Debug|Any CPU.ActiveCfg = Debug|Any CPU
		{1512B819-A008-42C4-8752-3CEC0934C0A4}.Debug|Any CPU.Build.0 = Debug|Any CPU
		{1512B819-A008-42C4-8752-3CEC0934C0A4}.Release|Any CPU.ActiveCfg = Release|Any CPU
		{1512B819-A008-42C4-8752-3CEC0934C0A4}.Release|Any CPU.Build.0 = Release|Any CPU
	EndGlobalSection
	GlobalSection(SolutionProperties) = preSolution
		HideSolutionNode = FALSE
	EndGlobalSection
	GlobalSection(ExtensibilityGlobals) = postSolution
		SolutionGuid = {239C26B9-68BB-4A7D-951D-A81E18247173}
	EndGlobalSection
EndGlobal
